// !$*UTF8*$!
{
	archiveVersion = 1;
	classes = {
	};
	objectVersion = 46;
	objects = {

/* Begin PBXBuildFile section */
		9604F6591CD59DDD00E11D8C /* AppDelegate.swift in Sources */ = {isa = PBXBuildFile; fileRef = 9604F6581CD59DDD00E11D8C /* AppDelegate.swift */; };
		9604F65B1CD59DDD00E11D8C /* ViewController.swift in Sources */ = {isa = PBXBuildFile; fileRef = 9604F65A1CD59DDD00E11D8C /* ViewController.swift */; };
		9604F65E1CD59DDD00E11D8C /* Main.storyboard in Resources */ = {isa = PBXBuildFile; fileRef = 9604F65C1CD59DDD00E11D8C /* Main.storyboard */; };
		9604F6601CD59DDD00E11D8C /* Assets.xcassets in Resources */ = {isa = PBXBuildFile; fileRef = 9604F65F1CD59DDD00E11D8C /* Assets.xcassets */; };
		9604F6631CD59DDD00E11D8C /* LaunchScreen.storyboard in Resources */ = {isa = PBXBuildFile; fileRef = 9604F6611CD59DDD00E11D8C /* LaunchScreen.storyboard */; };
/* End PBXBuildFile section */

/* Begin PBXFileReference section */
		9604F6551CD59DDD00E11D8C /* SearchBookJSON.app */ = {isa = PBXFileReference; explicitFileType = wrapper.application; includeInIndex = 0; path = SearchBookJSON.app; sourceTree = BUILT_PRODUCTS_DIR; };
		9604F6581CD59DDD00E11D8C /* AppDelegate.swift */ = {isa = PBXFileReference; lastKnownFileType = sourcecode.swift; path = AppDelegate.swift; sourceTree = "<group>"; };
		9604F65A1CD59DDD00E11D8C /* ViewController.swift */ = {isa = PBXFileReference; lastKnownFileType = sourcecode.swift; path = ViewController.swift; sourceTree = "<group>"; };
		9604F65D1CD59DDD00E11D8C /* Base */ = {isa = PBXFileReference; lastKnownFileType = file.storyboard; name = Base; path = Base.lproj/Main.storyboard; sourceTree = "<group>"; };
		9604F65F1CD59DDD00E11D8C /* Assets.xcassets */ = {isa = PBXFileReference; lastKnownFileType = folder.assetcatalog; path = Assets.xcassets; sourceTree = "<group>"; };
		9604F6621CD59DDD00E11D8C /* Base */ = {isa = PBXFileReference; lastKnownFileType = file.storyboard; name = Base; path = Base.lproj/LaunchScreen.storyboard; sourceTree = "<group>"; };
		9604F6641CD59DDD00E11D8C /* Info.plist */ = {isa = PBXFileReference; lastKnownFileType = text.plist.xml; path = Info.plist; sourceTree = "<group>"; };
/* End PBXFileReference section */

/* Begin PBXFrameworksBuildPhase section */
		9604F6521CD59DDD00E11D8C /* Frameworks */ = {
			isa = PBXFrameworksBuildPhase;
			buildActionMask = 2147483647;
			files = (
			);
			runOnlyForDeploymentPostprocessing = 0;
		};
/* End PBXFrameworksBuildPhase section */

/* Begin PBXGroup section */
		9604F64C1CD59DDD00E11D8C = {
			isa = PBXGroup;
			children = (
				9604F6571CD59DDD00E11D8C /* SearchBookJSON */,
				9604F6561CD59DDD00E11D8C /* Products */,
			);
			sourceTree = "<group>";
		};
		9604F6561CD59DDD00E11D8C /* Products */ = {
			isa = PBXGroup;
			children = (
				9604F6551CD59DDD00E11D8C /* SearchBookJSON.app */,
			);
			name = Products;
			sourceTree = "<group>";
		};
		9604F6571CD59DDD00E11D8C /* SearchBookJSON */ = {
			isa = PBXGroup;
			children = (
				9604F6581CD59DDD00E11D8C /* AppDelegate.swift */,
				9604F65A1CD59DDD00E11D8C /* ViewController.swift */,
				9604F65C1CD59DDD00E11D8C /* Main.storyboard */,
				9604F65F1CD59DDD00E11D8C /* Assets.xcassets */,
				9604F6611CD59DDD00E11D8C /* LaunchScreen.storyboard */,
				9604F6641CD59DDD00E11D8C /* Info.plist */,
			);
			path = SearchBookJSON;
			sourceTree = "<group>";
		};
/* End PBXGroup section */

/* Begin PBXNativeTarget section */
		9604F6541CD59DDD00E11D8C /* SearchBookJSON */ = {
			isa = PBXNativeTarget;
			buildConfigurationList = 9604F6671CD59DDD00E11D8C /* Build configuration list for PBXNativeTarget "SearchBookJSON" */;
			buildPhases = (
				9604F6511CD59DDD00E11D8C /* Sources */,
				9604F6521CD59DDD00E11D8C /* Frameworks */,
				9604F6531CD59DDD00E11D8C /* Resources */,
			);
			buildRules = (
			);
			dependencies = (
			);
			name = SearchBookJSON;
			productName = SearchBookJSON;
			productReference = 9604F6551CD59DDD00E11D8C /* SearchBookJSON.app */;
			productType = "com.apple.product-type.application";
		};
/* End PBXNativeTarget section */

/* Begin PBXProject section */
		9604F64D1CD59DDD00E11D8C /* Project object */ = {
			isa = PBXProject;
			attributes = {
				LastSwiftUpdateCheck = 0730;
				LastUpgradeCheck = 0730;
				ORGANIZATIONNAME = Workstation;
				TargetAttributes = {
					9604F6541CD59DDD00E11D8C = {
						CreatedOnToolsVersion = 7.3;
						DevelopmentTeam = WCQ477S6T7;
					};
				};
			};
			buildConfigurationList = 9604F6501CD59DDD00E11D8C /* Build configuration list for PBXProject "SearchBookJSON" */;
			compatibilityVersion = "Xcode 3.2";
			developmentRegion = English;
			hasScannedForEncodings = 0;
			knownRegions = (
				en,
				Base,
			);
			mainGroup = 9604F64C1CD59DDD00E11D8C;
			productRefGroup = 9604F6561CD59DDD00E11D8C /* Products */;
			projectDirPath = "";
			projectRoot = "";
			targets = (
				9604F6541CD59DDD00E11D8C /* SearchBookJSON */,
			);
		};
/* End PBXProject section */

/* Begin PBXResourcesBuildPhase section */
		9604F6531CD59DDD00E11D8C /* Resources */ = {
			isa = PBXResourcesBuildPhase;
			buildActionMask = 2147483647;
			files = (
				9604F6631CD59DDD00E11D8C /* LaunchScreen.storyboard in Resources */,
				9604F6601CD59DDD00E11D8C /* Assets.xcassets in Resources */,
				9604F65E1CD59DDD00E11D8C /* Main.storyboard in Resources */,
			);
			runOnlyForDeploymentPostprocessing = 0;
		};
/* End PBXResourcesBuildPhase section */

/* Begin PBXSourcesBuildPhase section */
		9604F6511CD59DDD00E11D8C /* Sources */ = {
			isa = PBXSourcesBuildPhase;
			buildActionMask = 2147483647;
			files = (
				9604F65B1CD59DDD00E11D8C /* ViewController.swift in Sources */,
				9604F6591CD59DDD00E11D8C /* AppDelegate.swift in Sources */,
			);
			runOnlyForDeploymentPostprocessing = 0;
		};
/* End PBXSourcesBuildPhase section */

/* Begin PBXVariantGroup section */
		9604F65C1CD59DDD00E11D8C /* Main.storyboard */ = {
			isa = PBXVariantGroup;
			children = (
				9604F65D1CD59DDD00E11D8C /* Base */,
			);
			name = Main.storyboard;
			sourceTree = "<group>";
		};
		9604F6611CD59DDD00E11D8C /* LaunchScreen.storyboard */ = {
			isa = PBXVariantGroup;
			children = (
				9604F6621CD59DDD00E11D8C /* Base */,
			);
			name = LaunchScreen.storyboard;
			sourceTree = "<group>";
		};
/* End PBXVariantGroup section */

/* Begin XCBuildConfiguration section */
		9604F6651CD59DDD00E11D8C /* Debug */ = {
			isa = XCBuildConfiguration;
			buildSettings = {
				ALWAYS_SEARCH_USER_PATHS = NO;
				CLANG_ANALYZER_NONNULL = YES;
				CLANG_CXX_LANGUAGE_STANDARD = "gnu++0x";
				CLANG_CXX_LIBRARY = "libc++";
				CLANG_ENABLE_MODULES = YES;
				CLANG_ENABLE_OBJC_ARC = YES;
				CLANG_WARN_BOOL_CONVERSION = YES;
				CLANG_WARN_CONSTANT_CONVERSION = YES;
				CLANG_WARN_DIRECT_OBJC_ISA_USAGE = YES_ERROR;
				CLANG_WARN_EMPTY_BODY = YES;
				CLANG_WARN_ENUM_CONVERSION = YES;
				CLANG_WARN_INT_CONVERSION = YES;
				CLANG_WARN_OBJC_ROOT_CLASS = YES_ERROR;
				CLANG_WARN_UNREACHABLE_CODE = YES;
				CLANG_WARN__DUPLICATE_METHOD_MATCH = YES;
				"CODE_SIGN_IDENTITY[sdk=iphoneos*]" = "iPhone Developer";
				COPY_PHASE_STRIP = NO;
				DEBUG_INFORMATION_FORMAT = dwarf;
				ENABLE_STRICT_OBJC_MSGSEND = YES;
				ENABLE_TESTABILITY = YES;
				GCC_C_LANGUAGE_STANDARD = gnu99;
				GCC_DYNAMIC_NO_PIC = NO;
				GCC_NO_COMMON_BLOCKS = YES;
				GCC_OPTIMIZATION_LEVEL = 0;
				GCC_PREPROCESSOR_DEFINITIONS = (
					"DEBUG=1",
					"$(inherited)",
				);
				GCC_WARN_64_TO_32_BIT_CONVERSION = YES;
				GCC_WARN_ABOUT_RETURN_TYPE = YES_ERROR;
				GCC_WARN_UNDECLARED_SELECTOR = YES;
				GCC_WARN_UNINITIALIZED_AUTOS = YES_AGGRESSIVE;
				GCC_WARN_UNUSED_FUNCTION = YES;
				GCC_WARN_UNUSED_VARIABLE = YES;
				IPHONEOS_DEPLOYMENT_TARGET = 9.3;
				MTL_ENABLE_DEBUG_INFO = YES;
				ONLY_ACTIVE_ARCH = YES;
				SDKROOT = iphoneos;
				SWIFT_OPTIMIZATION_LEVEL = "-Onone";
				TARGETED_DEVICE_FAMILY = "1,2";
			};
			name = Debug;
		};
		9604F6661CD59DDD00E11D8C /* Release */ = {
			isa = XCBuildConfiguration;
			buildSettings = {
				ALWAYS_SEARCH_USER_PATHS = NO;
				CLANG_ANALYZER_NONNULL = YES;
				CLANG_CXX_LANGUAGE_STANDARD = "gnu++0x";
				CLANG_CXX_LIBRARY = "libc++";
				CLANG_ENABLE_MODULES = YES;
				CLANG_ENABLE_OBJC_ARC = YES;
				CLANG_WARN_BOOL_CONVERSION = YES;
				CLANG_WARN_CONSTANT_CONVERSION = YES;
				CLANG_WARN_DIRECT_OBJC_ISA_USAGE = YES_ERROR;
				CLANG_WARN_EMPTY_BODY = YES;
				CLANG_WARN_ENUM_CONVERSION = YES;
				CLANG_WARN_INT_CONVERSION = YES;
				CLANG_WARN_OBJC_ROOT_CLASS = YES_ERROR;
				CLANG_WARN_UNREACHABLE_CODE = YES;
				CLANG_WARN__DUPLICATE_METHOD_MATCH = YES;
				"CODE_SIGN_IDENTITY[sdk=iphoneos*]" = "iPhone Developer";
				COPY_PHASE_STRIP = NO;
				DEBUG_INFORMATION_FORMAT = "dwarf-with-dsym";
				ENABLE_NS_ASSERTIONS = NO;
				ENABLE_STRICT_OBJC_MSGSEND = YES;
				GCC_C_LANGUAGE_STANDARD = gnu99;
				GCC_NO_COMMON_BLOCKS = YES;
				GCC_WARN_64_TO_32_BIT_CONVERSION = YES;
				GCC_WARN_ABOUT_RETURN_TYPE = YES_ERROR;
				GCC_WARN_UNDECLARED_SELECTOR = YES;
				GCC_WARN_UNINITIALIZED_AUTOS = YES_AGGRESSIVE;
				GCC_WARN_UNUSED_FUNCTION = YES;
				GCC_WARN_UNUSED_VARIABLE = YES;
				IPHONEOS_DEPLOYMENT_TARGET = 9.3;
				MTL_ENABLE_DEBUG_INFO = NO;
				SDKROOT = iphoneos;
				TARGETED_DEVICE_FAMILY = "1,2";
				VALIDATE_PRODUCT = YES;
			};
			name = Release;
		};
		9604F6681CD59DDD00E11D8C /* Debug */ = {
			isa = XCBuildConfiguration;
			buildSettings = {
				ASSETCATALOG_COMPILER_APPICON_NAME = AppIcon;
				INFOPLIST_FILE = SearchBookJSON/Info.plist;
				LD_RUNPATH_SEARCH_PATHS = "$(inherited) @executable_path/Frameworks";
				PRODUCT_BUNDLE_IDENTIFIER = com.aget.SearchBookJSON;
				PRODUCT_NAME = "$(TARGET_NAME)";
			};
			name = Debug;
		};
		9604F6691CD59DDD00E11D8C /* Release */ = {
			isa = XCBuildConfiguration;
			buildSettings = {
				ASSETCATALOG_COMPILER_APPICON_NAME = AppIcon;
				INFOPLIST_FILE = SearchBookJSON/Info.plist;
				LD_RUNPATH_SEARCH_PATHS = "$(inherited) @executable_path/Frameworks";
				PRODUCT_BUNDLE_IDENTIFIER = com.aget.SearchBookJSON;
				PRODUCT_NAME = "$(TARGET_NAME)";
			};
			name = Release;
		};
/* End XCBuildConfiguration section */

/* Begin XCConfigurationList section */
		9604F6501CD59DDD00E11D8C /* Build configuration list for PBXProject "SearchBookJSON" */ = {
			isa = XCConfigurationList;
			buildConfigurations = (
				9604F6651CD59DDD00E11D8C /* Debug */,
				9604F6661CD59DDD00E11D8C /* Release */,
			);
			defaultConfigurationIsVisible = 0;
			defaultConfigurationName = Release;
		};
		9604F6671CD59DDD00E11D8C /* Build configuration list for PBXNativeTarget "SearchBookJSON" */ = {
			isa = XCConfigurationList;
			buildConfigurations = (
				9604F6681CD59DDD00E11D8C /* Debug */,
				9604F6691CD59DDD00E11D8C /* Release */,
			);
			defaultConfigurationIsVisible = 0;
		};
/* End XCConfigurationList section */
	};
	rootObject = 9604F64D1CD59DDD00E11D8C /* Project object */;
}
